// !$*UTF8*$!
{
	archiveVersion = 1;
	classes = {
	};
	objectVersion = 46;
	objects = {

/* Begin PBXBuildFile section */
		B951E2A81B89237900068735 /* AppDelegate.swift in Sources */ = {isa = PBXBuildFile; fileRef = B951E2A71B89237900068735 /* AppDelegate.swift */; };
		B951E2AA1B89237900068735 /* GameScene.sks in Resources */ = {isa = PBXBuildFile; fileRef = B951E2A91B89237900068735 /* GameScene.sks */; };
		B951E2AC1B89237900068735 /* GameScene.swift in Sources */ = {isa = PBXBuildFile; fileRef = B951E2AB1B89237900068735 /* GameScene.swift */; };
		B951E2AE1B89237900068735 /* GameViewController.swift in Sources */ = {isa = PBXBuildFile; fileRef = B951E2AD1B89237900068735 /* GameViewController.swift */; };
		B951E2B11B89237900068735 /* Main.storyboard in Resources */ = {isa = PBXBuildFile; fileRef = B951E2AF1B89237900068735 /* Main.storyboard */; };
		B951E2B31B89237900068735 /* Assets.xcassets in Resources */ = {isa = PBXBuildFile; fileRef = B951E2B21B89237900068735 /* Assets.xcassets */; };
		B951E2B61B89237900068735 /* LaunchScreen.storyboard in Resources */ = {isa = PBXBuildFile; fileRef = B951E2B41B89237900068735 /* LaunchScreen.storyboard */; };
		B951E2C11B89237900068735 /* ShootMonstersTests.swift in Sources */ = {isa = PBXBuildFile; fileRef = B951E2C01B89237900068735 /* ShootMonstersTests.swift */; };
		B951E5941B89245100068735 /* GameOverScene.swift in Sources */ = {isa = PBXBuildFile; fileRef = B951E5931B89245100068735 /* GameOverScene.swift */; };
		B951E5981B89249200068735 /* background-music-aac.caf in Resources */ = {isa = PBXBuildFile; fileRef = B951E5961B89249200068735 /* background-music-aac.caf */; };
		B951E5991B89249200068735 /* pew-pew-lei.caf in Resources */ = {isa = PBXBuildFile; fileRef = B951E5971B89249200068735 /* pew-pew-lei.caf */; };
		B951E59B1B89249C00068735 /* sprites.atlas in Resources */ = {isa = PBXBuildFile; fileRef = B951E59A1B89249C00068735 /* sprites.atlas */; };
/* End PBXBuildFile section */

/* Begin PBXContainerItemProxy section */
		B951E2BD1B89237900068735 /* PBXContainerItemProxy */ = {
			isa = PBXContainerItemProxy;
			containerPortal = B951E29C1B89237900068735 /* Project object */;
			proxyType = 1;
			remoteGlobalIDString = B951E2A31B89237900068735;
			remoteInfo = ShootMonsters;
		};
/* End PBXContainerItemProxy section */

/* Begin PBXFileReference section */
		B951E2A41B89237900068735 /* ShootMonsters.app */ = {isa = PBXFileReference; explicitFileType = wrapper.application; includeInIndex = 0; path = ShootMonsters.app; sourceTree = BUILT_PRODUCTS_DIR; };
		B951E2A71B89237900068735 /* AppDelegate.swift */ = {isa = PBXFileReference; lastKnownFileType = sourcecode.swift; path = AppDelegate.swift; sourceTree = "<group>"; };
		B951E2A91B89237900068735 /* GameScene.sks */ = {isa = PBXFileReference; lastKnownFileType = file.sks; path = GameScene.sks; sourceTree = "<group>"; };
		B951E2AB1B89237900068735 /* GameScene.swift */ = {isa = PBXFileReference; lastKnownFileType = sourcecode.swift; path = GameScene.swift; sourceTree = "<group>"; };
		B951E2AD1B89237900068735 /* GameViewController.swift */ = {isa = PBXFileReference; lastKnownFileType = sourcecode.swift; path = GameViewController.swift; sourceTree = "<group>"; };
		B951E2B01B89237900068735 /* Base */ = {isa = PBXFileReference; lastKnownFileType = file.storyboard; name = Base; path = Base.lproj/Main.storyboard; sourceTree = "<group>"; };
		B951E2B21B89237900068735 /* Assets.xcassets */ = {isa = PBXFileReference; lastKnownFileType = folder.assetcatalog; path = Assets.xcassets; sourceTree = "<group>"; };
		B951E2B51B89237900068735 /* Base */ = {isa = PBXFileReference; lastKnownFileType = file.storyboard; name = Base; path = Base.lproj/LaunchScreen.storyboard; sourceTree = "<group>"; };
		B951E2B71B89237900068735 /* Info.plist */ = {isa = PBXFileReference; lastKnownFileType = text.plist.xml; path = Info.plist; sourceTree = "<group>"; };
		B951E2BC1B89237900068735 /* ShootMonstersTests.xctest */ = {isa = PBXFileReference; explicitFileType = wrapper.cfbundle; includeInIndex = 0; path = ShootMonstersTests.xctest; sourceTree = BUILT_PRODUCTS_DIR; };
		B951E2C01B89237900068735 /* ShootMonstersTests.swift */ = {isa = PBXFileReference; lastKnownFileType = sourcecode.swift; path = ShootMonstersTests.swift; sourceTree = "<group>"; };
		B951E2C21B89237900068735 /* Info.plist */ = {isa = PBXFileReference; lastKnownFileType = text.plist.xml; path = Info.plist; sourceTree = "<group>"; };
		B951E5931B89245100068735 /* GameOverScene.swift */ = {isa = PBXFileReference; fileEncoding = 4; lastKnownFileType = sourcecode.swift; path = GameOverScene.swift; sourceTree = "<group>"; };
		B951E5961B89249200068735 /* background-music-aac.caf */ = {isa = PBXFileReference; lastKnownFileType = file; path = "background-music-aac.caf"; sourceTree = "<group>"; };
		B951E5971B89249200068735 /* pew-pew-lei.caf */ = {isa = PBXFileReference; lastKnownFileType = file; path = "pew-pew-lei.caf"; sourceTree = "<group>"; };
		B951E59A1B89249C00068735 /* sprites.atlas */ = {isa = PBXFileReference; lastKnownFileType = folder.skatlas; path = sprites.atlas; sourceTree = "<group>"; };
/* End PBXFileReference section */

/* Begin PBXFrameworksBuildPhase section */
		B951E2A11B89237900068735 /* Frameworks */ = {
			isa = PBXFrameworksBuildPhase;
			buildActionMask = 2147483647;
			files = (
			);
			runOnlyForDeploymentPostprocessing = 0;
		};
		B951E2B91B89237900068735 /* Frameworks */ = {
			isa = PBXFrameworksBuildPhase;
			buildActionMask = 2147483647;
			files = (
			);
			runOnlyForDeploymentPostprocessing = 0;
		};
/* End PBXFrameworksBuildPhase section */

/* Begin PBXGroup section */
		B951E29B1B89237900068735 = {
			isa = PBXGroup;
			children = (
				B951E2A61B89237900068735 /* ShootMonsters */,
				B951E2BF1B89237900068735 /* ShootMonstersTests */,
				B951E2A51B89237900068735 /* Products */,
			);
			sourceTree = "<group>";
		};
		B951E2A51B89237900068735 /* Products */ = {
			isa = PBXGroup;
			children = (
				B951E2A41B89237900068735 /* ShootMonsters.app */,
				B951E2BC1B89237900068735 /* ShootMonstersTests.xctest */,
			);
			name = Products;
			sourceTree = "<group>";
		};
		B951E2A61B89237900068735 /* ShootMonsters */ = {
			isa = PBXGroup;
			children = (
				B951E59A1B89249C00068735 /* sprites.atlas */,
				B951E5951B89249200068735 /* Sounds */,
				B951E5931B89245100068735 /* GameOverScene.swift */,
				B951E2A71B89237900068735 /* AppDelegate.swift */,
				B951E2A91B89237900068735 /* GameScene.sks */,
				B951E2AB1B89237900068735 /* GameScene.swift */,
				B951E2AD1B89237900068735 /* GameViewController.swift */,
				B951E2AF1B89237900068735 /* Main.storyboard */,
				B951E2B21B89237900068735 /* Assets.xcassets */,
				B951E2B41B89237900068735 /* LaunchScreen.storyboard */,
				B951E2B71B89237900068735 /* Info.plist */,
			);
			path = ShootMonsters;
			sourceTree = "<group>";
		};
		B951E2BF1B89237900068735 /* ShootMonstersTests */ = {
			isa = PBXGroup;
			children = (
				B951E2C01B89237900068735 /* ShootMonstersTests.swift */,
				B951E2C21B89237900068735 /* Info.plist */,
			);
			path = ShootMonstersTests;
			sourceTree = "<group>";
		};
		B951E5951B89249200068735 /* Sounds */ = {
			isa = PBXGroup;
			children = (
				B951E5961B89249200068735 /* background-music-aac.caf */,
				B951E5971B89249200068735 /* pew-pew-lei.caf */,
			);
			path = Sounds;
			sourceTree = "<group>";
		};
/* End PBXGroup section */

/* Begin PBXNativeTarget section */
		B951E2A31B89237900068735 /* ShootMonsters */ = {
			isa = PBXNativeTarget;
			buildConfigurationList = B951E2C51B89237900068735 /* Build configuration list for PBXNativeTarget "ShootMonsters" */;
			buildPhases = (
				B951E2A01B89237900068735 /* Sources */,
				B951E2A11B89237900068735 /* Frameworks */,
				B951E2A21B89237900068735 /* Resources */,
			);
			buildRules = (
			);
			dependencies = (
			);
			name = ShootMonsters;
			productName = ShootMonsters;
			productReference = B951E2A41B89237900068735 /* ShootMonsters.app */;
			productType = "com.apple.product-type.application";
		};
		B951E2BB1B89237900068735 /* ShootMonstersTests */ = {
			isa = PBXNativeTarget;
			buildConfigurationList = B951E2C81B89237900068735 /* Build configuration list for PBXNativeTarget "ShootMonstersTests" */;
			buildPhases = (
				B951E2B81B89237900068735 /* Sources */,
				B951E2B91B89237900068735 /* Frameworks */,
				B951E2BA1B89237900068735 /* Resources */,
			);
			buildRules = (
			);
			dependencies = (
				B951E2BE1B89237900068735 /* PBXTargetDependency */,
			);
			name = ShootMonstersTests;
			productName = ShootMonstersTests;
			productReference = B951E2BC1B89237900068735 /* ShootMonstersTests.xctest */;
			productType = "com.apple.product-type.bundle.unit-test";
		};
/* End PBXNativeTarget section */

/* Begin PBXProject section */
		B951E29C1B89237900068735 /* Project object */ = {
			isa = PBXProject;
			attributes = {
				LastUpgradeCheck = 0700;
				ORGANIZATIONNAME = "Mighty Dog";
				TargetAttributes = {
					B951E2A31B89237900068735 = {
						CreatedOnToolsVersion = 7.0;
					};
					B951E2BB1B89237900068735 = {
						CreatedOnToolsVersion = 7.0;
						TestTargetID = B951E2A31B89237900068735;
					};
				};
			};
			buildConfigurationList = B951E29F1B89237900068735 /* Build configuration list for PBXProject "ShootMonsters" */;
			compatibilityVersion = "Xcode 3.2";
			developmentRegion = English;
			hasScannedForEncodings = 0;
			knownRegions = (
				en,
				Base,
			);
			mainGroup = B951E29B1B89237900068735;
			productRefGroup = B951E2A51B89237900068735 /* Products */;
			projectDirPath = "";
			projectRoot = "";
			targets = (
				B951E2A31B89237900068735 /* ShootMonsters */,
				B951E2BB1B89237900068735 /* ShootMonstersTests */,
			);
		};
/* End PBXProject section */

/* Begin PBXResourcesBuildPhase section */
		B951E2A21B89237900068735 /* Resources */ = {
			isa = PBXResourcesBuildPhase;
			buildActionMask = 2147483647;
			files = (
				B951E59B1B89249C00068735 /* sprites.atlas in Resources */,
				B951E5981B89249200068735 /* background-music-aac.caf in Resources */,
				B951E2AA1B89237900068735 /* GameScene.sks in Resources */,
				B951E2B61B89237900068735 /* LaunchScreen.storyboard in Resources */,
				B951E2B31B89237900068735 /* Assets.xcassets in Resources */,
				B951E2B11B89237900068735 /* Main.storyboard in Resources */,
				B951E5991B89249200068735 /* pew-pew-lei.caf in Resources */,
			);
			runOnlyForDeploymentPostprocessing = 0;
		};
		B951E2BA1B89237900068735 /* Resources */ = {
			isa = PBXResourcesBuildPhase;
			buildActionMask = 2147483647;
			files = (
			);
			runOnlyForDeploymentPostprocessing = 0;
		};
/* End PBXResourcesBuildPhase section */

/* Begin PBXSourcesBuildPhase section */
		B951E2A01B89237900068735 /* Sources */ = {
			isa = PBXSourcesBuildPhase;
			buildActionMask = 2147483647;
			files = (
				B951E2AC1B89237900068735 /* GameScene.swift in Sources */,
				B951E2AE1B89237900068735 /* GameViewController.swift in Sources */,
				B951E5941B89245100068735 /* GameOverScene.swift in Sources */,
				B951E2A81B89237900068735 /* AppDelegate.swift in Sources */,
			);
			runOnlyForDeploymentPostprocessing = 0;
		};
		B951E2B81B89237900068735 /* Sources */ = {
			isa = PBXSourcesBuildPhase;
			buildActionMask = 2147483647;
			files = (
				B951E2C11B89237900068735 /* ShootMonstersTests.swift in Sources */,
			);
			runOnlyForDeploymentPostprocessing = 0;
		};
/* End PBXSourcesBuildPhase section */

/* Begin PBXTargetDependency section */
		B951E2BE1B89237900068735 /* PBXTargetDependency */ = {
			isa = PBXTargetDependency;
			target = B951E2A31B89237900068735 /* ShootMonsters */;
			targetProxy = B951E2BD1B89237900068735 /* PBXContainerItemProxy */;
		};
/* End PBXTargetDependency section */

/* Begin PBXVariantGroup section */
		B951E2AF1B89237900068735 /* Main.storyboard */ = {
			isa = PBXVariantGroup;
			children = (
				B951E2B01B89237900068735 /* Base */,
			);
			name = Main.storyboard;
			sourceTree = "<group>";
		};
		B951E2B41B89237900068735 /* LaunchScreen.storyboard */ = {
			isa = PBXVariantGroup;
			children = (
				B951E2B51B89237900068735 /* Base */,
			);
			name = LaunchScreen.storyboard;
			sourceTree = "<group>";
		};
/* End PBXVariantGroup section */

/* Begin XCBuildConfiguration section */
		B951E2C31B89237900068735 /* Debug */ = {
			isa = XCBuildConfiguration;
			buildSettings = {
				ALWAYS_SEARCH_USER_PATHS = NO;
				CLANG_CXX_LANGUAGE_STANDARD = "gnu++0x";
				CLANG_CXX_LIBRARY = "libc++";
				CLANG_ENABLE_MODULES = YES;
				CLANG_ENABLE_OBJC_ARC = YES;
				CLANG_WARN_BOOL_CONVERSION = YES;
				CLANG_WARN_CONSTANT_CONVERSION = YES;
				CLANG_WARN_DIRECT_OBJC_ISA_USAGE = YES_ERROR;
				CLANG_WARN_EMPTY_BODY = YES;
				CLANG_WARN_ENUM_CONVERSION = YES;
				CLANG_WARN_INT_CONVERSION = YES;
				CLANG_WARN_OBJC_ROOT_CLASS = YES_ERROR;
				CLANG_WARN_UNREACHABLE_CODE = YES;
				CLANG_WARN__DUPLICATE_METHOD_MATCH = YES;
				"CODE_SIGN_IDENTITY[sdk=iphoneos*]" = "iPhone Developer";
				COPY_PHASE_STRIP = NO;
				DEBUG_INFORMATION_FORMAT = dwarf;
				ENABLE_STRICT_OBJC_MSGSEND = YES;
				ENABLE_TESTABILITY = YES;
				GCC_C_LANGUAGE_STANDARD = gnu99;
				GCC_DYNAMIC_NO_PIC = NO;
				GCC_NO_COMMON_BLOCKS = YES;
				GCC_OPTIMIZATION_LEVEL = 0;
				GCC_PREPROCESSOR_DEFINITIONS = (
					"DEBUG=1",
					"$(inherited)",
				);
				GCC_WARN_64_TO_32_BIT_CONVERSION = YES;
				GCC_WARN_ABOUT_RETURN_TYPE = YES_ERROR;
				GCC_WARN_UNDECLARED_SELECTOR = YES;
				GCC_WARN_UNINITIALIZED_AUTOS = YES_AGGRESSIVE;
				GCC_WARN_UNUSED_FUNCTION = YES;
				GCC_WARN_UNUSED_VARIABLE = YES;
				IPHONEOS_DEPLOYMENT_TARGET = 9.0;
				MTL_ENABLE_DEBUG_INFO = YES;
				ONLY_ACTIVE_ARCH = YES;
				SDKROOT = iphoneos;
				SWIFT_OPTIMIZATION_LEVEL = "-Onone";
				TARGETED_DEVICE_FAMILY = "1,2";
			};
			name = Debug;
		};
		B951E2C41B89237900068735 /* Release */ = {
			isa = XCBuildConfiguration;
			buildSettings = {
				ALWAYS_SEARCH_USER_PATHS = NO;
				CLANG_CXX_LANGUAGE_STANDARD = "gnu++0x";
				CLANG_CXX_LIBRARY = "libc++";
				CLANG_ENABLE_MODULES = YES;
				CLANG_ENABLE_OBJC_ARC = YES;
				CLANG_WARN_BOOL_CONVERSION = YES;
				CLANG_WARN_CONSTANT_CONVERSION = YES;
				CLANG_WARN_DIRECT_OBJC_ISA_USAGE = YES_ERROR;
				CLANG_WARN_EMPTY_BODY = YES;
				CLANG_WARN_ENUM_CONVERSION = YES;
				CLANG_WARN_INT_CONVERSION = YES;
				CLANG_WARN_OBJC_ROOT_CLASS = YES_ERROR;
				CLANG_WARN_UNREACHABLE_CODE = YES;
				CLANG_WARN__DUPLICATE_METHOD_MATCH = YES;
				"CODE_SIGN_IDENTITY[sdk=iphoneos*]" = "iPhone Developer";
				COPY_PHASE_STRIP = NO;
				DEBUG_INFORMATION_FORMAT = "dwarf-with-dsym";
				ENABLE_NS_ASSERTIONS = NO;
				ENABLE_STRICT_OBJC_MSGSEND = YES;
				GCC_C_LANGUAGE_STANDARD = gnu99;
				GCC_NO_COMMON_BLOCKS = YES;
				GCC_WARN_64_TO_32_BIT_CONVERSION = YES;
				GCC_WARN_ABOUT_RETURN_TYPE = YES_ERROR;
				GCC_WARN_UNDECLARED_SELECTOR = YES;
				GCC_WARN_UNINITIALIZED_AUTOS = YES_AGGRESSIVE;
				GCC_WARN_UNUSED_FUNCTION = YES;
				GCC_WARN_UNUSED_VARIABLE = YES;
				IPHONEOS_DEPLOYMENT_TARGET = 9.0;
				MTL_ENABLE_DEBUG_INFO = NO;
				SDKROOT = iphoneos;
				TARGETED_DEVICE_FAMILY = "1,2";
				VALIDATE_PRODUCT = YES;
			};
			name = Release;
		};
		B951E2C61B89237900068735 /* Debug */ = {
			isa = XCBuildConfiguration;
			buildSettings = {
				ASSETCATALOG_COMPILER_APPICON_NAME = AppIcon;
				INFOPLIST_FILE = ShootMonsters/Info.plist;
				IPHONEOS_DEPLOYMENT_TARGET = 8.3;
				LD_RUNPATH_SEARCH_PATHS = "$(inherited) @executable_path/Frameworks";
				PRODUCT_BUNDLE_IDENTIFIER = com.jinl.ShootMonsters;
				PRODUCT_NAME = "$(TARGET_NAME)";
				TARGETED_DEVICE_FAMILY = "1,2";
			};
			name = Debug;
		};
		B951E2C71B89237900068735 /* Release */ = {
			isa = XCBuildConfiguration;
			buildSettings = {
				ASSETCATALOG_COMPILER_APPICON_NAME = AppIcon;
				INFOPLIST_FILE = ShootMonsters/Info.plist;
				IPHONEOS_DEPLOYMENT_TARGET = 8.3;
				LD_RUNPATH_SEARCH_PATHS = "$(inherited) @executable_path/Frameworks";
				PRODUCT_BUNDLE_IDENTIFIER = com.jinl.ShootMonsters;
				PRODUCT_NAME = "$(TARGET_NAME)";
				TARGETED_DEVICE_FAMILY = "1,2";
			};
			name = Release;
		};
		B951E2C91B89237900068735 /* Debug */ = {
			isa = XCBuildConfiguration;
			buildSettings = {
				BUNDLE_LOADER = "$(TEST_HOST)";
				INFOPLIST_FILE = ShootMonstersTests/Info.plist;
				LD_RUNPATH_SEARCH_PATHS = "$(inherited) @executable_path/Frameworks @loader_path/Frameworks";
				PRODUCT_BUNDLE_IDENTIFIER = com.jinl.ShootMonstersTests;
				PRODUCT_NAME = "$(TARGET_NAME)";
				TEST_HOST = "$(BUILT_PRODUCTS_DIR)/ShootMonsters.app/ShootMonsters";
			};
			name = Debug;
		};
		B951E2CA1B89237900068735 /* Release */ = {
			isa = XCBuildConfiguration;
			buildSettings = {
				BUNDLE_LOADER = "$(TEST_HOST)";
				INFOPLIST_FILE = ShootMonstersTests/Info.plist;
				LD_RUNPATH_SEARCH_PATHS = "$(inherited) @executable_path/Frameworks @loader_path/Frameworks";
				PRODUCT_BUNDLE_IDENTIFIER = com.jinl.ShootMonstersTests;
				PRODUCT_NAME = "$(TARGET_NAME)";
				TEST_HOST = "$(BUILT_PRODUCTS_DIR)/ShootMonsters.app/ShootMonsters";
			};
			name = Release;
		};
/* End XCBuildConfiguration section */

/* Begin XCConfigurationList section */
		B951E29F1B89237900068735 /* Build configuration list for PBXProject "ShootMonsters" */ = {
			isa = XCConfigurationList;
			buildConfigurations = (
				B951E2C31B89237900068735 /* Debug */,
				B951E2C41B89237900068735 /* Release */,
			);
			defaultConfigurationIsVisible = 0;
			defaultConfigurationName = Release;
		};
		B951E2C51B89237900068735 /* Build configuration list for PBXNativeTarget "ShootMonsters" */ = {
			isa = XCConfigurationList;
			buildConfigurations = (
				B951E2C61B89237900068735 /* Debug */,
				B951E2C71B89237900068735 /* Release */,
			);
			defaultConfigurationIsVisible = 0;
			defaultConfigurationName = Release;
		};
		B951E2C81B89237900068735 /* Build configuration list for PBXNativeTarget "ShootMonstersTests" */ = {
			isa = XCConfigurationList;
			buildConfigurations = (
				B951E2C91B89237900068735 /* Debug */,
				B951E2CA1B89237900068735 /* Release */,
			);
			defaultConfigurationIsVisible = 0;
			defaultConfigurationName = Release;
		};
/* End XCConfigurationList section */
	};
	rootObject = B951E29C1B89237900068735 /* Project object */;
}
